// !$*UTF8*$!
{
	archiveVersion = 1;
	classes = {
	};
	objectVersion = 46;
	objects = {

/* Begin PBXBuildFile section */
		0CDBAB3A1CAB89FF00F33C9B /* AppDelegate.swift in Sources */ = {isa = PBXBuildFile; fileRef = 0CDBAB391CAB89FF00F33C9B /* AppDelegate.swift */; };
		0CDBAB3C1CAB89FF00F33C9B /* ViewController.swift in Sources */ = {isa = PBXBuildFile; fileRef = 0CDBAB3B1CAB89FF00F33C9B /* ViewController.swift */; };
		0CDBAB3F1CAB89FF00F33C9B /* Main.storyboard in Resources */ = {isa = PBXBuildFile; fileRef = 0CDBAB3D1CAB89FF00F33C9B /* Main.storyboard */; };
		0CDBAB411CAB89FF00F33C9B /* Assets.xcassets in Resources */ = {isa = PBXBuildFile; fileRef = 0CDBAB401CAB89FF00F33C9B /* Assets.xcassets */; };
		0CDBAB441CAB89FF00F33C9B /* LaunchScreen.storyboard in Resources */ = {isa = PBXBuildFile; fileRef = 0CDBAB421CAB89FF00F33C9B /* LaunchScreen.storyboard */; };
		0CDBAB4F1CAB89FF00F33C9B /* pruebaGitTests.swift in Sources */ = {isa = PBXBuildFile; fileRef = 0CDBAB4E1CAB89FF00F33C9B /* pruebaGitTests.swift */; };
		0CDBAB5A1CAB89FF00F33C9B /* pruebaGitUITests.swift in Sources */ = {isa = PBXBuildFile; fileRef = 0CDBAB591CAB89FF00F33C9B /* pruebaGitUITests.swift */; };
/* End PBXBuildFile section */

/* Begin PBXContainerItemProxy section */
		0CDBAB4B1CAB89FF00F33C9B /* PBXContainerItemProxy */ = {
			isa = PBXContainerItemProxy;
			containerPortal = 0CDBAB2E1CAB89FE00F33C9B /* Project object */;
			proxyType = 1;
			remoteGlobalIDString = 0CDBAB351CAB89FE00F33C9B;
			remoteInfo = pruebaGit;
		};
		0CDBAB561CAB89FF00F33C9B /* PBXContainerItemProxy */ = {
			isa = PBXContainerItemProxy;
			containerPortal = 0CDBAB2E1CAB89FE00F33C9B /* Project object */;
			proxyType = 1;
			remoteGlobalIDString = 0CDBAB351CAB89FE00F33C9B;
			remoteInfo = pruebaGit;
		};
/* End PBXContainerItemProxy section */

/* Begin PBXFileReference section */
		0CDBAB361CAB89FF00F33C9B /* pruebaGit.app */ = {isa = PBXFileReference; explicitFileType = wrapper.application; includeInIndex = 0; path = pruebaGit.app; sourceTree = BUILT_PRODUCTS_DIR; };
		0CDBAB391CAB89FF00F33C9B /* AppDelegate.swift */ = {isa = PBXFileReference; lastKnownFileType = sourcecode.swift; path = AppDelegate.swift; sourceTree = "<group>"; };
		0CDBAB3B1CAB89FF00F33C9B /* ViewController.swift */ = {isa = PBXFileReference; lastKnownFileType = sourcecode.swift; path = ViewController.swift; sourceTree = "<group>"; };
		0CDBAB3E1CAB89FF00F33C9B /* Base */ = {isa = PBXFileReference; lastKnownFileType = file.storyboard; name = Base; path = Base.lproj/Main.storyboard; sourceTree = "<group>"; };
		0CDBAB401CAB89FF00F33C9B /* Assets.xcassets */ = {isa = PBXFileReference; lastKnownFileType = folder.assetcatalog; path = Assets.xcassets; sourceTree = "<group>"; };
		0CDBAB431CAB89FF00F33C9B /* Base */ = {isa = PBXFileReference; lastKnownFileType = file.storyboard; name = Base; path = Base.lproj/LaunchScreen.storyboard; sourceTree = "<group>"; };
		0CDBAB451CAB89FF00F33C9B /* Info.plist */ = {isa = PBXFileReference; lastKnownFileType = text.plist.xml; path = Info.plist; sourceTree = "<group>"; };
		0CDBAB4A1CAB89FF00F33C9B /* pruebaGitTests.xctest */ = {isa = PBXFileReference; explicitFileType = wrapper.cfbundle; includeInIndex = 0; path = pruebaGitTests.xctest; sourceTree = BUILT_PRODUCTS_DIR; };
		0CDBAB4E1CAB89FF00F33C9B /* pruebaGitTests.swift */ = {isa = PBXFileReference; lastKnownFileType = sourcecode.swift; path = pruebaGitTests.swift; sourceTree = "<group>"; };
		0CDBAB501CAB89FF00F33C9B /* Info.plist */ = {isa = PBXFileReference; lastKnownFileType = text.plist.xml; path = Info.plist; sourceTree = "<group>"; };
		0CDBAB551CAB89FF00F33C9B /* pruebaGitUITests.xctest */ = {isa = PBXFileReference; explicitFileType = wrapper.cfbundle; includeInIndex = 0; path = pruebaGitUITests.xctest; sourceTree = BUILT_PRODUCTS_DIR; };
		0CDBAB591CAB89FF00F33C9B /* pruebaGitUITests.swift */ = {isa = PBXFileReference; lastKnownFileType = sourcecode.swift; path = pruebaGitUITests.swift; sourceTree = "<group>"; };
		0CDBAB5B1CAB89FF00F33C9B /* Info.plist */ = {isa = PBXFileReference; lastKnownFileType = text.plist.xml; path = Info.plist; sourceTree = "<group>"; };
/* End PBXFileReference section */

/* Begin PBXFrameworksBuildPhase section */
		0CDBAB331CAB89FE00F33C9B /* Frameworks */ = {
			isa = PBXFrameworksBuildPhase;
			buildActionMask = 2147483647;
			files = (
			);
			runOnlyForDeploymentPostprocessing = 0;
		};
		0CDBAB471CAB89FF00F33C9B /* Frameworks */ = {
			isa = PBXFrameworksBuildPhase;
			buildActionMask = 2147483647;
			files = (
			);
			runOnlyForDeploymentPostprocessing = 0;
		};
		0CDBAB521CAB89FF00F33C9B /* Frameworks */ = {
			isa = PBXFrameworksBuildPhase;
			buildActionMask = 2147483647;
			files = (
			);
			runOnlyForDeploymentPostprocessing = 0;
		};
/* End PBXFrameworksBuildPhase section */

/* Begin PBXGroup section */
		0CDBAB2D1CAB89FE00F33C9B = {
			isa = PBXGroup;
			children = (
				0CDBAB381CAB89FF00F33C9B /* pruebaGit */,
				0CDBAB4D1CAB89FF00F33C9B /* pruebaGitTests */,
				0CDBAB581CAB89FF00F33C9B /* pruebaGitUITests */,
				0CDBAB371CAB89FF00F33C9B /* Products */,
			);
			sourceTree = "<group>";
		};
		0CDBAB371CAB89FF00F33C9B /* Products */ = {
			isa = PBXGroup;
			children = (
				0CDBAB361CAB89FF00F33C9B /* pruebaGit.app */,
				0CDBAB4A1CAB89FF00F33C9B /* pruebaGitTests.xctest */,
				0CDBAB551CAB89FF00F33C9B /* pruebaGitUITests.xctest */,
			);
			name = Products;
			sourceTree = "<group>";
		};
		0CDBAB381CAB89FF00F33C9B /* pruebaGit */ = {
			isa = PBXGroup;
			children = (
				0CDBAB391CAB89FF00F33C9B /* AppDelegate.swift */,
				0CDBAB3B1CAB89FF00F33C9B /* ViewController.swift */,
				0CDBAB3D1CAB89FF00F33C9B /* Main.storyboard */,
				0CDBAB401CAB89FF00F33C9B /* Assets.xcassets */,
				0CDBAB421CAB89FF00F33C9B /* LaunchScreen.storyboard */,
				0CDBAB451CAB89FF00F33C9B /* Info.plist */,
			);
			path = pruebaGit;
			sourceTree = "<group>";
		};
		0CDBAB4D1CAB89FF00F33C9B /* pruebaGitTests */ = {
			isa = PBXGroup;
			children = (
				0CDBAB4E1CAB89FF00F33C9B /* pruebaGitTests.swift */,
				0CDBAB501CAB89FF00F33C9B /* Info.plist */,
			);
			path = pruebaGitTests;
			sourceTree = "<group>";
		};
		0CDBAB581CAB89FF00F33C9B /* pruebaGitUITests */ = {
			isa = PBXGroup;
			children = (
				0CDBAB591CAB89FF00F33C9B /* pruebaGitUITests.swift */,
				0CDBAB5B1CAB89FF00F33C9B /* Info.plist */,
			);
			path = pruebaGitUITests;
			sourceTree = "<group>";
		};
/* End PBXGroup section */

/* Begin PBXNativeTarget section */
		0CDBAB351CAB89FE00F33C9B /* pruebaGit */ = {
			isa = PBXNativeTarget;
			buildConfigurationList = 0CDBAB5E1CAB89FF00F33C9B /* Build configuration list for PBXNativeTarget "pruebaGit" */;
			buildPhases = (
				0CDBAB321CAB89FE00F33C9B /* Sources */,
				0CDBAB331CAB89FE00F33C9B /* Frameworks */,
				0CDBAB341CAB89FE00F33C9B /* Resources */,
			);
			buildRules = (
			);
			dependencies = (
			);
			name = pruebaGit;
			productName = pruebaGit;
			productReference = 0CDBAB361CAB89FF00F33C9B /* pruebaGit.app */;
			productType = "com.apple.product-type.application";
		};
		0CDBAB491CAB89FF00F33C9B /* pruebaGitTests */ = {
			isa = PBXNativeTarget;
			buildConfigurationList = 0CDBAB611CAB89FF00F33C9B /* Build configuration list for PBXNativeTarget "pruebaGitTests" */;
			buildPhases = (
				0CDBAB461CAB89FF00F33C9B /* Sources */,
				0CDBAB471CAB89FF00F33C9B /* Frameworks */,
				0CDBAB481CAB89FF00F33C9B /* Resources */,
			);
			buildRules = (
			);
			dependencies = (
				0CDBAB4C1CAB89FF00F33C9B /* PBXTargetDependency */,
			);
			name = pruebaGitTests;
			productName = pruebaGitTests;
			productReference = 0CDBAB4A1CAB89FF00F33C9B /* pruebaGitTests.xctest */;
			productType = "com.apple.product-type.bundle.unit-test";
		};
		0CDBAB541CAB89FF00F33C9B /* pruebaGitUITests */ = {
			isa = PBXNativeTarget;
			buildConfigurationList = 0CDBAB641CAB89FF00F33C9B /* Build configuration list for PBXNativeTarget "pruebaGitUITests" */;
			buildPhases = (
				0CDBAB511CAB89FF00F33C9B /* Sources */,
				0CDBAB521CAB89FF00F33C9B /* Frameworks */,
				0CDBAB531CAB89FF00F33C9B /* Resources */,
			);
			buildRules = (
			);
			dependencies = (
				0CDBAB571CAB89FF00F33C9B /* PBXTargetDependency */,
			);
			name = pruebaGitUITests;
			productName = pruebaGitUITests;
			productReference = 0CDBAB551CAB89FF00F33C9B /* pruebaGitUITests.xctest */;
			productType = "com.apple.product-type.bundle.ui-testing";
		};
/* End PBXNativeTarget section */

/* Begin PBXProject section */
		0CDBAB2E1CAB89FE00F33C9B /* Project object */ = {
			isa = PBXProject;
			attributes = {
				LastSwiftUpdateCheck = 0730;
				LastUpgradeCheck = 0730;
				ORGANIZATIONNAME = ioDev;
				TargetAttributes = {
					0CDBAB351CAB89FE00F33C9B = {
						CreatedOnToolsVersion = 7.3;
						DevelopmentTeam = WXZ4H364BB;
					};
					0CDBAB491CAB89FF00F33C9B = {
						CreatedOnToolsVersion = 7.3;
						DevelopmentTeam = WXZ4H364BB;
						TestTargetID = 0CDBAB351CAB89FE00F33C9B;
					};
					0CDBAB541CAB89FF00F33C9B = {
						CreatedOnToolsVersion = 7.3;
						DevelopmentTeam = WXZ4H364BB;
						TestTargetID = 0CDBAB351CAB89FE00F33C9B;
					};
				};
			};
			buildConfigurationList = 0CDBAB311CAB89FE00F33C9B /* Build configuration list for PBXProject "pruebaGit" */;
			compatibilityVersion = "Xcode 3.2";
			developmentRegion = English;
			hasScannedForEncodings = 0;
			knownRegions = (
				en,
				Base,
			);
			mainGroup = 0CDBAB2D1CAB89FE00F33C9B;
			productRefGroup = 0CDBAB371CAB89FF00F33C9B /* Products */;
			projectDirPath = "";
			projectRoot = "";
			targets = (
				0CDBAB351CAB89FE00F33C9B /* pruebaGit */,
				0CDBAB491CAB89FF00F33C9B /* pruebaGitTests */,
				0CDBAB541CAB89FF00F33C9B /* pruebaGitUITests */,
			);
		};
/* End PBXProject section */

/* Begin PBXResourcesBuildPhase section */
		0CDBAB341CAB89FE00F33C9B /* Resources */ = {
			isa = PBXResourcesBuildPhase;
			buildActionMask = 2147483647;
			files = (
				0CDBAB441CAB89FF00F33C9B /* LaunchScreen.storyboard in Resources */,
				0CDBAB411CAB89FF00F33C9B /* Assets.xcassets in Resources */,
				0CDBAB3F1CAB89FF00F33C9B /* Main.storyboard in Resources */,
			);
			runOnlyForDeploymentPostprocessing = 0;
		};
		0CDBAB481CAB89FF00F33C9B /* Resources */ = {
			isa = PBXResourcesBuildPhase;
			buildActionMask = 2147483647;
			files = (
			);
			runOnlyForDeploymentPostprocessing = 0;
		};
		0CDBAB531CAB89FF00F33C9B /* Resources */ = {
			isa = PBXResourcesBuildPhase;
			buildActionMask = 2147483647;
			files = (
			);
			runOnlyForDeploymentPostprocessing = 0;
		};
/* End PBXResourcesBuildPhase section */

/* Begin PBXSourcesBuildPhase section */
		0CDBAB321CAB89FE00F33C9B /* Sources */ = {
			isa = PBXSourcesBuildPhase;
			buildActionMask = 2147483647;
			files = (
				0CDBAB3C1CAB89FF00F33C9B /* ViewController.swift in Sources */,
				0CDBAB3A1CAB89FF00F33C9B /* AppDelegate.swift in Sources */,
			);
			runOnlyForDeploymentPostprocessing = 0;
		};
		0CDBAB461CAB89FF00F33C9B /* Sources */ = {
			isa = PBXSourcesBuildPhase;
			buildActionMask = 2147483647;
			files = (
				0CDBAB4F1CAB89FF00F33C9B /* pruebaGitTests.swift in Sources */,
			);
			runOnlyForDeploymentPostprocessing = 0;
		};
		0CDBAB511CAB89FF00F33C9B /* Sources */ = {
			isa = PBXSourcesBuildPhase;
			buildActionMask = 2147483647;
			files = (
				0CDBAB5A1CAB89FF00F33C9B /* pruebaGitUITests.swift in Sources */,
			);
			runOnlyForDeploymentPostprocessing = 0;
		};
/* End PBXSourcesBuildPhase section */

/* Begin PBXTargetDependency section */
		0CDBAB4C1CAB89FF00F33C9B /* PBXTargetDependency */ = {
			isa = PBXTargetDependency;
			target = 0CDBAB351CAB89FE00F33C9B /* pruebaGit */;
			targetProxy = 0CDBAB4B1CAB89FF00F33C9B /* PBXContainerItemProxy */;
		};
		0CDBAB571CAB89FF00F33C9B /* PBXTargetDependency */ = {
			isa = PBXTargetDependency;
			target = 0CDBAB351CAB89FE00F33C9B /* pruebaGit */;
			targetProxy = 0CDBAB561CAB89FF00F33C9B /* PBXContainerItemProxy */;
		};
/* End PBXTargetDependency section */

/* Begin PBXVariantGroup section */
		0CDBAB3D1CAB89FF00F33C9B /* Main.storyboard */ = {
			isa = PBXVariantGroup;
			children = (
				0CDBAB3E1CAB89FF00F33C9B /* Base */,
			);
			name = Main.storyboard;
			sourceTree = "<group>";
		};
		0CDBAB421CAB89FF00F33C9B /* LaunchScreen.storyboard */ = {
			isa = PBXVariantGroup;
			children = (
				0CDBAB431CAB89FF00F33C9B /* Base */,
			);
			name = LaunchScreen.storyboard;
			sourceTree = "<group>";
		};
/* End PBXVariantGroup section */

/* Begin XCBuildConfiguration section */
		0CDBAB5C1CAB89FF00F33C9B /* Debug */ = {
			isa = XCBuildConfiguration;
			buildSettings = {
				ALWAYS_SEARCH_USER_PATHS = NO;
				CLANG_ANALYZER_NONNULL = YES;
				CLANG_CXX_LANGUAGE_STANDARD = "gnu++0x";
				CLANG_CXX_LIBRARY = "libc++";
				CLANG_ENABLE_MODULES = YES;
				CLANG_ENABLE_OBJC_ARC = YES;
				CLANG_WARN_BOOL_CONVERSION = YES;
				CLANG_WARN_CONSTANT_CONVERSION = YES;
				CLANG_WARN_DIRECT_OBJC_ISA_USAGE = YES_ERROR;
				CLANG_WARN_EMPTY_BODY = YES;
				CLANG_WARN_ENUM_CONVERSION = YES;
				CLANG_WARN_INT_CONVERSION = YES;
				CLANG_WARN_OBJC_ROOT_CLASS = YES_ERROR;
				CLANG_WARN_UNREACHABLE_CODE = YES;
				CLANG_WARN__DUPLICATE_METHOD_MATCH = YES;
				"CODE_SIGN_IDENTITY[sdk=iphoneos*]" = "iPhone Developer";
				COPY_PHASE_STRIP = NO;
				DEBUG_INFORMATION_FORMAT = dwarf;
				ENABLE_STRICT_OBJC_MSGSEND = YES;
				ENABLE_TESTABILITY = YES;
				GCC_C_LANGUAGE_STANDARD = gnu99;
				GCC_DYNAMIC_NO_PIC = NO;
				GCC_NO_COMMON_BLOCKS = YES;
				GCC_OPTIMIZATION_LEVEL = 0;
				GCC_PREPROCESSOR_DEFINITIONS = (
					"DEBUG=1",
					"$(inherited)",
				);
				GCC_WARN_64_TO_32_BIT_CONVERSION = YES;
				GCC_WARN_ABOUT_RETURN_TYPE = YES_ERROR;
				GCC_WARN_UNDECLARED_SELECTOR = YES;
				GCC_WARN_UNINITIALIZED_AUTOS = YES_AGGRESSIVE;
				GCC_WARN_UNUSED_FUNCTION = YES;
				GCC_WARN_UNUSED_VARIABLE = YES;
				IPHONEOS_DEPLOYMENT_TARGET = 9.3;
				MTL_ENABLE_DEBUG_INFO = YES;
				ONLY_ACTIVE_ARCH = YES;
				SDKROOT = iphoneos;
				SWIFT_OPTIMIZATION_LEVEL = "-Onone";
				TARGETED_DEVICE_FAMILY = "1,2";
			};
			name = Debug;
		};
		0CDBAB5D1CAB89FF00F33C9B /* Release */ = {
			isa = XCBuildConfiguration;
			buildSettings = {
				ALWAYS_SEARCH_USER_PATHS = NO;
				CLANG_ANALYZER_NONNULL = YES;
				CLANG_CXX_LANGUAGE_STANDARD = "gnu++0x";
				CLANG_CXX_LIBRARY = "libc++";
				CLANG_ENABLE_MODULES = YES;
				CLANG_ENABLE_OBJC_ARC = YES;
				CLANG_WARN_BOOL_CONVERSION = YES;
				CLANG_WARN_CONSTANT_CONVERSION = YES;
				CLANG_WARN_DIRECT_OBJC_ISA_USAGE = YES_ERROR;
				CLANG_WARN_EMPTY_BODY = YES;
				CLANG_WARN_ENUM_CONVERSION = YES;
				CLANG_WARN_INT_CONVERSION = YES;
				CLANG_WARN_OBJC_ROOT_CLASS = YES_ERROR;
				CLANG_WARN_UNREACHABLE_CODE = YES;
				CLANG_WARN__DUPLICATE_METHOD_MATCH = YES;
				"CODE_SIGN_IDENTITY[sdk=iphoneos*]" = "iPhone Developer";
				COPY_PHASE_STRIP = NO;
				DEBUG_INFORMATION_FORMAT = "dwarf-with-dsym";
				ENABLE_NS_ASSERTIONS = NO;
				ENABLE_STRICT_OBJC_MSGSEND = YES;
				GCC_C_LANGUAGE_STANDARD = gnu99;
				GCC_NO_COMMON_BLOCKS = YES;
				GCC_WARN_64_TO_32_BIT_CONVERSION = YES;
				GCC_WARN_ABOUT_RETURN_TYPE = YES_ERROR;
				GCC_WARN_UNDECLARED_SELECTOR = YES;
				GCC_WARN_UNINITIALIZED_AUTOS = YES_AGGRESSIVE;
				GCC_WARN_UNUSED_FUNCTION = YES;
				GCC_WARN_UNUSED_VARIABLE = YES;
				IPHONEOS_DEPLOYMENT_TARGET = 9.3;
				MTL_ENABLE_DEBUG_INFO = NO;
				SDKROOT = iphoneos;
				TARGETED_DEVICE_FAMILY = "1,2";
				VALIDATE_PRODUCT = YES;
			};
			name = Release;
		};
		0CDBAB5F1CAB89FF00F33C9B /* Debug */ = {
			isa = XCBuildConfiguration;
			buildSettings = {
				ASSETCATALOG_COMPILER_APPICON_NAME = AppIcon;
				INFOPLIST_FILE = pruebaGit/Info.plist;
				LD_RUNPATH_SEARCH_PATHS = "$(inherited) @executable_path/Frameworks";
				PRODUCT_BUNDLE_IDENTIFIER = com.ioDev.pruebaGit;
				PRODUCT_NAME = "$(TARGET_NAME)";
			};
			name = Debug;
		};
		0CDBAB601CAB89FF00F33C9B /* Release */ = {
			isa = XCBuildConfiguration;
			buildSettings = {
				ASSETCATALOG_COMPILER_APPICON_NAME = AppIcon;
				INFOPLIST_FILE = pruebaGit/Info.plist;
				LD_RUNPATH_SEARCH_PATHS = "$(inherited) @executable_path/Frameworks";
				PRODUCT_BUNDLE_IDENTIFIER = com.ioDev.pruebaGit;
				PRODUCT_NAME = "$(TARGET_NAME)";
			};
			name = Release;
		};
		0CDBAB621CAB89FF00F33C9B /* Debug */ = {
			isa = XCBuildConfiguration;
			buildSettings = {
				BUNDLE_LOADER = "$(TEST_HOST)";
				INFOPLIST_FILE = pruebaGitTests/Info.plist;
				LD_RUNPATH_SEARCH_PATHS = "$(inherited) @executable_path/Frameworks @loader_path/Frameworks";
				PRODUCT_BUNDLE_IDENTIFIER = com.ioDev.pruebaGitTests;
				PRODUCT_NAME = "$(TARGET_NAME)";
				TEST_HOST = "$(BUILT_PRODUCTS_DIR)/pruebaGit.app/pruebaGit";
			};
			name = Debug;
		};
		0CDBAB631CAB89FF00F33C9B /* Release */ = {
			isa = XCBuildConfiguration;
			buildSettings = {
				BUNDLE_LOADER = "$(TEST_HOST)";
				INFOPLIST_FILE = pruebaGitTests/Info.plist;
				LD_RUNPATH_SEARCH_PATHS = "$(inherited) @executable_path/Frameworks @loader_path/Frameworks";
				PRODUCT_BUNDLE_IDENTIFIER = com.ioDev.pruebaGitTests;
				PRODUCT_NAME = "$(TARGET_NAME)";
				TEST_HOST = "$(BUILT_PRODUCTS_DIR)/pruebaGit.app/pruebaGit";
			};
			name = Release;
		};
		0CDBAB651CAB89FF00F33C9B /* Debug */ = {
			isa = XCBuildConfiguration;
			buildSettings = {
				INFOPLIST_FILE = pruebaGitUITests/Info.plist;
				LD_RUNPATH_SEARCH_PATHS = "$(inherited) @executable_path/Frameworks @loader_path/Frameworks";
				PRODUCT_BUNDLE_IDENTIFIER = com.ioDev.pruebaGitUITests;
				PRODUCT_NAME = "$(TARGET_NAME)";
				TEST_TARGET_NAME = pruebaGit;
			};
			name = Debug;
		};
		0CDBAB661CAB89FF00F33C9B /* Release */ = {
			isa = XCBuildConfiguration;
			buildSettings = {
				INFOPLIST_FILE = pruebaGitUITests/Info.plist;
				LD_RUNPATH_SEARCH_PATHS = "$(inherited) @executable_path/Frameworks @loader_path/Frameworks";
				PRODUCT_BUNDLE_IDENTIFIER = com.ioDev.pruebaGitUITests;
				PRODUCT_NAME = "$(TARGET_NAME)";
				TEST_TARGET_NAME = pruebaGit;
			};
			name = Release;
		};
/* End XCBuildConfiguration section */

/* Begin XCConfigurationList section */
		0CDBAB311CAB89FE00F33C9B /* Build configuration list for PBXProject "pruebaGit" */ = {
			isa = XCConfigurationList;
			buildConfigurations = (
				0CDBAB5C1CAB89FF00F33C9B /* Debug */,
				0CDBAB5D1CAB89FF00F33C9B /* Release */,
			);
			defaultConfigurationIsVisible = 0;
			defaultConfigurationName = Release;
		};
		0CDBAB5E1CAB89FF00F33C9B /* Build configuration list for PBXNativeTarget "pruebaGit" */ = {
			isa = XCConfigurationList;
			buildConfigurations = (
				0CDBAB5F1CAB89FF00F33C9B /* Debug */,
				0CDBAB601CAB89FF00F33C9B /* Release */,
			);
			defaultConfigurationIsVisible = 0;
		};
		0CDBAB611CAB89FF00F33C9B /* Build configuration list for PBXNativeTarget "pruebaGitTests" */ = {
			isa = XCConfigurationList;
			buildConfigurations = (
				0CDBAB621CAB89FF00F33C9B /* Debug */,
				0CDBAB631CAB89FF00F33C9B /* Release */,
			);
			defaultConfigurationIsVisible = 0;
		};
		0CDBAB641CAB89FF00F33C9B /* Build configuration list for PBXNativeTarget "pruebaGitUITests" */ = {
			isa = XCConfigurationList;
			buildConfigurations = (
				0CDBAB651CAB89FF00F33C9B /* Debug */,
				0CDBAB661CAB89FF00F33C9B /* Release */,
			);
			defaultConfigurationIsVisible = 0;
		};
/* End XCConfigurationList section */
	};
	rootObject = 0CDBAB2E1CAB89FE00F33C9B /* Project object */;
}
